
Microsoft Visual Studio Solution File, Format Version 12.00
# Visual Studio 2015
Project("{FAE04EC0-301F-11D3-BF4B-00C04F79EFBC}") = "Game Jam 2016 Fall.CSharp", "Game Jam 2016 Fall.CSharp.csproj", "{CEFB89B0-DAAF-E114-A73D-AB287D924BFE}"
EndProject
Global
	GlobalSection(SolutionConfigurationPlatforms) = preSolution
		Debug|Any CPU = Debug|Any CPU
		Release|Any CPU = Release|Any CPU
	EndGlobalSection
	GlobalSection(ProjectConfigurationPlatforms) = postSolution
		{CEFB89B0-DAAF-E114-A73D-AB287D924BFE}.Debug|Any CPU.ActiveCfg = Debug|Any CPU
		{CEFB89B0-DAAF-E114-A73D-AB287D924BFE}.Debug|Any CPU.Build.0 = Debug|Any CPU
		{CEFB89B0-DAAF-E114-A73D-AB287D924BFE}.Release|Any CPU.ActiveCfg = Release|Any CPU
		{CEFB89B0-DAAF-E114-A73D-AB287D924BFE}.Release|Any CPU.Build.0 = Release|Any CPU
	EndGlobalSection
	GlobalSection(SolutionProperties) = preSolution
		HideSolutionNode = FALSE
	EndGlobalSection
EndGlobal
