
Microsoft Visual Studio Solution File, Format Version 12.00
# Visual Studio 2015
Project("{FAE04EC0-301F-11D3-BF4B-00C04F79EFBC}") = "GJF2016.CSharp", "GJF2016.CSharp.csproj", "{C4C11828-F1B7-346D-878E-CEA1F655E001}"
EndProject
Global
	GlobalSection(SolutionConfigurationPlatforms) = preSolution
		Debug|Any CPU = Debug|Any CPU
		Release|Any CPU = Release|Any CPU
	EndGlobalSection
	GlobalSection(ProjectConfigurationPlatforms) = postSolution
		{C4C11828-F1B7-346D-878E-CEA1F655E001}.Debug|Any CPU.ActiveCfg = Debug|Any CPU
		{C4C11828-F1B7-346D-878E-CEA1F655E001}.Debug|Any CPU.Build.0 = Debug|Any CPU
		{C4C11828-F1B7-346D-878E-CEA1F655E001}.Release|Any CPU.ActiveCfg = Release|Any CPU
		{C4C11828-F1B7-346D-878E-CEA1F655E001}.Release|Any CPU.Build.0 = Release|Any CPU
	EndGlobalSection
	GlobalSection(SolutionProperties) = preSolution
		HideSolutionNode = FALSE
	EndGlobalSection
EndGlobal
